
Microsoft Visual Studio Solution File, Format Version 12.00
# Visual Studio Version 17
VisualStudioVersion = 17.0.32014.148
MinimumVisualStudioVersion = 10.0.40219.1
Project("{9A19103F-16F7-4668-BE54-9A1E7A4F7556}") = "Forms", "Forms\Forms.csproj", "{51643DB7-C8AF-4D7B-9BDC-F2D00CA024BA}"
EndProject
Project("{9A19103F-16F7-4668-BE54-9A1E7A4F7556}") = "Solve", "Solve\Solve.csproj", "{3EE7DD7E-DEE5-4D36-9DE6-9F11700C7664}"
EndProject
Project("{2150E333-8FDC-42A3-9474-1A3956D46DE8}") = "Solution Items", "Solution Items", "{3862F2F2-6041-41EA-9471-EA611F690CC6}"
	ProjectSection(SolutionItems) = preProject
		Directory.Build.props = Directory.Build.props
		docker-compose.yml = docker-compose.yml
	EndProjectSection
EndProject
Project("{9A19103F-16F7-4668-BE54-9A1E7A4F7556}") = "Test", "Test\Test.csproj", "{BC529007-0120-4EA6-9157-56D4C6ACBF3E}"
EndProject
Project("{2150E333-8FDC-42A3-9474-1A3956D46DE8}") = "Framework", "Framework", "{156DF97D-AE8B-4F4D-AEC8-B6F6DD5BF556}"
EndProject
Project("{9A19103F-16F7-4668-BE54-9A1E7A4F7556}") = "WebAPI.Host", "Framework\WebAPI.Host\WebAPI.Host.csproj", "{7A831BE5-7451-4A52-B827-6D412E20D8D8}"
EndProject
Project("{9A19103F-16F7-4668-BE54-9A1E7A4F7556}") = "WinAPI", "Framework\WinAPI\WinAPI.csproj", "{7108B468-AB94-472F-BFA0-4ADE1E2174C6}"
EndProject
Project("{9A19103F-16F7-4668-BE54-9A1E7A4F7556}") = "WebAPI", "Framework\WebAPI\WebAPI.csproj", "{74216F3E-11F3-4169-8EEE-547B5D6DB61C}"
EndProject
Project("{9A19103F-16F7-4668-BE54-9A1E7A4F7556}") = "Tools", "Framework\Tools\Tools.csproj", "{C2EEB54A-93C0-4281-981A-9058E4AA84F9}"
EndProject
Project("{9A19103F-16F7-4668-BE54-9A1E7A4F7556}") = "Localization", "Framework\Localization\Localization.csproj", "{7F49F547-546B-4CD6-A29A-65BA9F7EC82F}"
EndProject
Project("{9A19103F-16F7-4668-BE54-9A1E7A4F7556}") = "Dependency", "Framework\Dependency\Dependency.csproj", "{96A1969A-769C-4B01-AFD2-71D0B1B1A397}"
EndProject
Project("{9A19103F-16F7-4668-BE54-9A1E7A4F7556}") = "Logic.Abstraction", "Framework\Logic.Abstraction\Logic.Abstraction.csproj", "{5D4C95D0-4B01-4A98-A082-C67FD7948F26}"
EndProject
Project("{9A19103F-16F7-4668-BE54-9A1E7A4F7556}") = "Parser", "Framework\Parser\Parser.csproj", "{9624BD9F-F30F-4539-BFAA-0F1E10A4AE3D}"
EndProject
Project("{9A19103F-16F7-4668-BE54-9A1E7A4F7556}") = "Host.Server", "Host\Server\Host.Server.csproj", "{D16329F4-3A81-4F70-AC40-E859C866F929}"
EndProject
Project("{9A19103F-16F7-4668-BE54-9A1E7A4F7556}") = "Host.Client", "Host\Client\Host.Client.csproj", "{2C0E0252-436A-434F-9177-55DB79E6955C}"
EndProject
Project("{9A19103F-16F7-4668-BE54-9A1E7A4F7556}") = "Host.Shared", "Host\Shared\Host.Shared.csproj", "{148A0A0D-40D2-4979-AB84-89679BABC04B}"
EndProject
Project("{9A19103F-16F7-4668-BE54-9A1E7A4F7556}") = "Solve.Abstraction", "Solve.Abstraction\Solve.Abstraction.csproj", "{186F7CD5-26C9-465E-B3ED-3937AE882596}"
EndProject
Project("{2150E333-8FDC-42A3-9474-1A3956D46DE8}") = "Host.Blazor", "Host.Blazor", "{117DEB7B-C53F-4252-ADDC-0A39EE91AC18}"
EndProject
Project("{9A19103F-16F7-4668-BE54-9A1E7A4F7556}") = "Repository", "Repository\Repository.csproj", "{733E92D4-F49D-43C3-9F15-04A3C9084C68}"
EndProject
Project("{9A19103F-16F7-4668-BE54-9A1E7A4F7556}") = "Repository", "Framework\Repository\Repository.csproj", "{B3C1520F-819B-403D-A7B8-F1B9CEA3696F}"
EndProject
Project("{9A19103F-16F7-4668-BE54-9A1E7A4F7556}") = "CsvImport", "Framework\CsvImport\CsvImport.csproj", "{F905D050-8992-4F37-B7A5-E33AD33D3C07}"
EndProject
Project("{9A19103F-16F7-4668-BE54-9A1E7A4F7556}") = "Repository.Abstraction", "Framework\Repository.Abstraction\Repository.Abstraction.csproj", "{8BAE9C71-B889-4031-A07A-12C25D8E8B1C}"
EndProject
Project("{9A19103F-16F7-4668-BE54-9A1E7A4F7556}") = "NLogTools", "Framework\NLogTools\NLogTools.csproj", "{7CA8B273-A74D-4C5A-93FF-FE01DAAFCD60}"
EndProject
Project("{9A19103F-16F7-4668-BE54-9A1E7A4F7556}") = "Solve.Server", "Solve.Server\Solve.Server.csproj", "{9467BB86-74C1-4918-A370-F55632773376}"
EndProject
Project("{9A19103F-16F7-4668-BE54-9A1E7A4F7556}") = "WebUi", "WebUi\WebUi.csproj", "{B9B591CA-4420-495B-9C6C-CA603E0E4AF3}"
EndProject
Project("{9A19103F-16F7-4668-BE54-9A1E7A4F7556}") = "Shared", "Shared\Shared.csproj", "{88D3EF28-F39E-4725-AB8F-D12B1FDA5E9C}"
EndProject
Project("{E53339B2-1760-4266-BCC7-CA923CBCF16C}") = "docker-compose", "docker-compose.dcproj", "{93DB21BE-385D-4F2E-B34E-C131E2E2C467}"
EndProject
Global
	GlobalSection(SolutionConfigurationPlatforms) = preSolution
		Debug|Any CPU = Debug|Any CPU
		Release|Any CPU = Release|Any CPU
	EndGlobalSection
	GlobalSection(ProjectConfigurationPlatforms) = postSolution
		{51643DB7-C8AF-4D7B-9BDC-F2D00CA024BA}.Debug|Any CPU.ActiveCfg = Debug|Any CPU
		{51643DB7-C8AF-4D7B-9BDC-F2D00CA024BA}.Debug|Any CPU.Build.0 = Debug|Any CPU
		{51643DB7-C8AF-4D7B-9BDC-F2D00CA024BA}.Release|Any CPU.ActiveCfg = Release|Any CPU
		{51643DB7-C8AF-4D7B-9BDC-F2D00CA024BA}.Release|Any CPU.Build.0 = Release|Any CPU
		{3EE7DD7E-DEE5-4D36-9DE6-9F11700C7664}.Debug|Any CPU.ActiveCfg = Debug|Any CPU
		{3EE7DD7E-DEE5-4D36-9DE6-9F11700C7664}.Debug|Any CPU.Build.0 = Debug|Any CPU
		{3EE7DD7E-DEE5-4D36-9DE6-9F11700C7664}.Release|Any CPU.ActiveCfg = Release|Any CPU
		{3EE7DD7E-DEE5-4D36-9DE6-9F11700C7664}.Release|Any CPU.Build.0 = Release|Any CPU
		{BC529007-0120-4EA6-9157-56D4C6ACBF3E}.Debug|Any CPU.ActiveCfg = Debug|Any CPU
		{BC529007-0120-4EA6-9157-56D4C6ACBF3E}.Debug|Any CPU.Build.0 = Debug|Any CPU
		{BC529007-0120-4EA6-9157-56D4C6ACBF3E}.Release|Any CPU.ActiveCfg = Release|Any CPU
		{BC529007-0120-4EA6-9157-56D4C6ACBF3E}.Release|Any CPU.Build.0 = Release|Any CPU
		{7A831BE5-7451-4A52-B827-6D412E20D8D8}.Debug|Any CPU.ActiveCfg = Debug|Any CPU
		{7A831BE5-7451-4A52-B827-6D412E20D8D8}.Debug|Any CPU.Build.0 = Debug|Any CPU
		{7A831BE5-7451-4A52-B827-6D412E20D8D8}.Release|Any CPU.ActiveCfg = Release|Any CPU
		{7A831BE5-7451-4A52-B827-6D412E20D8D8}.Release|Any CPU.Build.0 = Release|Any CPU
		{7108B468-AB94-472F-BFA0-4ADE1E2174C6}.Debug|Any CPU.ActiveCfg = Debug|Any CPU
		{7108B468-AB94-472F-BFA0-4ADE1E2174C6}.Debug|Any CPU.Build.0 = Debug|Any CPU
		{7108B468-AB94-472F-BFA0-4ADE1E2174C6}.Release|Any CPU.ActiveCfg = Release|Any CPU
		{7108B468-AB94-472F-BFA0-4ADE1E2174C6}.Release|Any CPU.Build.0 = Release|Any CPU
		{74216F3E-11F3-4169-8EEE-547B5D6DB61C}.Debug|Any CPU.ActiveCfg = Debug|Any CPU
		{74216F3E-11F3-4169-8EEE-547B5D6DB61C}.Debug|Any CPU.Build.0 = Debug|Any CPU
		{74216F3E-11F3-4169-8EEE-547B5D6DB61C}.Release|Any CPU.ActiveCfg = Release|Any CPU
		{74216F3E-11F3-4169-8EEE-547B5D6DB61C}.Release|Any CPU.Build.0 = Release|Any CPU
		{C2EEB54A-93C0-4281-981A-9058E4AA84F9}.Debug|Any CPU.ActiveCfg = Debug|Any CPU
		{C2EEB54A-93C0-4281-981A-9058E4AA84F9}.Debug|Any CPU.Build.0 = Debug|Any CPU
		{C2EEB54A-93C0-4281-981A-9058E4AA84F9}.Release|Any CPU.ActiveCfg = Release|Any CPU
		{C2EEB54A-93C0-4281-981A-9058E4AA84F9}.Release|Any CPU.Build.0 = Release|Any CPU
		{7F49F547-546B-4CD6-A29A-65BA9F7EC82F}.Debug|Any CPU.ActiveCfg = Debug|Any CPU
		{7F49F547-546B-4CD6-A29A-65BA9F7EC82F}.Debug|Any CPU.Build.0 = Debug|Any CPU
		{7F49F547-546B-4CD6-A29A-65BA9F7EC82F}.Release|Any CPU.ActiveCfg = Release|Any CPU
		{7F49F547-546B-4CD6-A29A-65BA9F7EC82F}.Release|Any CPU.Build.0 = Release|Any CPU
		{96A1969A-769C-4B01-AFD2-71D0B1B1A397}.Debug|Any CPU.ActiveCfg = Debug|Any CPU
		{96A1969A-769C-4B01-AFD2-71D0B1B1A397}.Debug|Any CPU.Build.0 = Debug|Any CPU
		{96A1969A-769C-4B01-AFD2-71D0B1B1A397}.Release|Any CPU.ActiveCfg = Release|Any CPU
		{96A1969A-769C-4B01-AFD2-71D0B1B1A397}.Release|Any CPU.Build.0 = Release|Any CPU
		{5D4C95D0-4B01-4A98-A082-C67FD7948F26}.Debug|Any CPU.ActiveCfg = Debug|Any CPU
		{5D4C95D0-4B01-4A98-A082-C67FD7948F26}.Debug|Any CPU.Build.0 = Debug|Any CPU
		{5D4C95D0-4B01-4A98-A082-C67FD7948F26}.Release|Any CPU.ActiveCfg = Release|Any CPU
		{5D4C95D0-4B01-4A98-A082-C67FD7948F26}.Release|Any CPU.Build.0 = Release|Any CPU
		{9624BD9F-F30F-4539-BFAA-0F1E10A4AE3D}.Debug|Any CPU.ActiveCfg = Debug|Any CPU
		{9624BD9F-F30F-4539-BFAA-0F1E10A4AE3D}.Debug|Any CPU.Build.0 = Debug|Any CPU
		{9624BD9F-F30F-4539-BFAA-0F1E10A4AE3D}.Release|Any CPU.ActiveCfg = Release|Any CPU
		{9624BD9F-F30F-4539-BFAA-0F1E10A4AE3D}.Release|Any CPU.Build.0 = Release|Any CPU
		{D16329F4-3A81-4F70-AC40-E859C866F929}.Debug|Any CPU.ActiveCfg = Debug|Any CPU
		{D16329F4-3A81-4F70-AC40-E859C866F929}.Debug|Any CPU.Build.0 = Debug|Any CPU
		{D16329F4-3A81-4F70-AC40-E859C866F929}.Release|Any CPU.ActiveCfg = Release|Any CPU
		{D16329F4-3A81-4F70-AC40-E859C866F929}.Release|Any CPU.Build.0 = Release|Any CPU
		{2C0E0252-436A-434F-9177-55DB79E6955C}.Debug|Any CPU.ActiveCfg = Debug|Any CPU
		{2C0E0252-436A-434F-9177-55DB79E6955C}.Debug|Any CPU.Build.0 = Debug|Any CPU
		{2C0E0252-436A-434F-9177-55DB79E6955C}.Release|Any CPU.ActiveCfg = Release|Any CPU
		{2C0E0252-436A-434F-9177-55DB79E6955C}.Release|Any CPU.Build.0 = Release|Any CPU
		{148A0A0D-40D2-4979-AB84-89679BABC04B}.Debug|Any CPU.ActiveCfg = Debug|Any CPU
		{148A0A0D-40D2-4979-AB84-89679BABC04B}.Debug|Any CPU.Build.0 = Debug|Any CPU
		{148A0A0D-40D2-4979-AB84-89679BABC04B}.Release|Any CPU.ActiveCfg = Release|Any CPU
		{148A0A0D-40D2-4979-AB84-89679BABC04B}.Release|Any CPU.Build.0 = Release|Any CPU
		{186F7CD5-26C9-465E-B3ED-3937AE882596}.Debug|Any CPU.ActiveCfg = Debug|Any CPU
		{186F7CD5-26C9-465E-B3ED-3937AE882596}.Debug|Any CPU.Build.0 = Debug|Any CPU
		{186F7CD5-26C9-465E-B3ED-3937AE882596}.Release|Any CPU.ActiveCfg = Release|Any CPU
		{186F7CD5-26C9-465E-B3ED-3937AE882596}.Release|Any CPU.Build.0 = Release|Any CPU
		{733E92D4-F49D-43C3-9F15-04A3C9084C68}.Debug|Any CPU.ActiveCfg = Debug|Any CPU
		{733E92D4-F49D-43C3-9F15-04A3C9084C68}.Debug|Any CPU.Build.0 = Debug|Any CPU
		{733E92D4-F49D-43C3-9F15-04A3C9084C68}.Release|Any CPU.ActiveCfg = Release|Any CPU
		{733E92D4-F49D-43C3-9F15-04A3C9084C68}.Release|Any CPU.Build.0 = Release|Any CPU
		{B3C1520F-819B-403D-A7B8-F1B9CEA3696F}.Debug|Any CPU.ActiveCfg = Debug|Any CPU
		{B3C1520F-819B-403D-A7B8-F1B9CEA3696F}.Debug|Any CPU.Build.0 = Debug|Any CPU
		{B3C1520F-819B-403D-A7B8-F1B9CEA3696F}.Release|Any CPU.ActiveCfg = Release|Any CPU
		{B3C1520F-819B-403D-A7B8-F1B9CEA3696F}.Release|Any CPU.Build.0 = Release|Any CPU
		{F905D050-8992-4F37-B7A5-E33AD33D3C07}.Debug|Any CPU.ActiveCfg = Debug|Any CPU
		{F905D050-8992-4F37-B7A5-E33AD33D3C07}.Debug|Any CPU.Build.0 = Debug|Any CPU
		{F905D050-8992-4F37-B7A5-E33AD33D3C07}.Release|Any CPU.ActiveCfg = Release|Any CPU
		{F905D050-8992-4F37-B7A5-E33AD33D3C07}.Release|Any CPU.Build.0 = Release|Any CPU
		{8BAE9C71-B889-4031-A07A-12C25D8E8B1C}.Debug|Any CPU.ActiveCfg = Debug|Any CPU
		{8BAE9C71-B889-4031-A07A-12C25D8E8B1C}.Debug|Any CPU.Build.0 = Debug|Any CPU
		{8BAE9C71-B889-4031-A07A-12C25D8E8B1C}.Release|Any CPU.ActiveCfg = Release|Any CPU
		{8BAE9C71-B889-4031-A07A-12C25D8E8B1C}.Release|Any CPU.Build.0 = Release|Any CPU
		{7CA8B273-A74D-4C5A-93FF-FE01DAAFCD60}.Debug|Any CPU.ActiveCfg = Debug|Any CPU
		{7CA8B273-A74D-4C5A-93FF-FE01DAAFCD60}.Debug|Any CPU.Build.0 = Debug|Any CPU
		{7CA8B273-A74D-4C5A-93FF-FE01DAAFCD60}.Release|Any CPU.ActiveCfg = Release|Any CPU
		{7CA8B273-A74D-4C5A-93FF-FE01DAAFCD60}.Release|Any CPU.Build.0 = Release|Any CPU
		{9467BB86-74C1-4918-A370-F55632773376}.Debug|Any CPU.ActiveCfg = Debug|Any CPU
		{9467BB86-74C1-4918-A370-F55632773376}.Debug|Any CPU.Build.0 = Debug|Any CPU
		{9467BB86-74C1-4918-A370-F55632773376}.Release|Any CPU.ActiveCfg = Release|Any CPU
		{9467BB86-74C1-4918-A370-F55632773376}.Release|Any CPU.Build.0 = Release|Any CPU
		{B9B591CA-4420-495B-9C6C-CA603E0E4AF3}.Debug|Any CPU.ActiveCfg = Debug|Any CPU
		{B9B591CA-4420-495B-9C6C-CA603E0E4AF3}.Debug|Any CPU.Build.0 = Debug|Any CPU
		{B9B591CA-4420-495B-9C6C-CA603E0E4AF3}.Release|Any CPU.ActiveCfg = Release|Any CPU
		{B9B591CA-4420-495B-9C6C-CA603E0E4AF3}.Release|Any CPU.Build.0 = Release|Any CPU
		{88D3EF28-F39E-4725-AB8F-D12B1FDA5E9C}.Debug|Any CPU.ActiveCfg = Debug|Any CPU
		{88D3EF28-F39E-4725-AB8F-D12B1FDA5E9C}.Debug|Any CPU.Build.0 = Debug|Any CPU
		{88D3EF28-F39E-4725-AB8F-D12B1FDA5E9C}.Release|Any CPU.ActiveCfg = Release|Any CPU
		{88D3EF28-F39E-4725-AB8F-D12B1FDA5E9C}.Release|Any CPU.Build.0 = Release|Any CPU
		{93DB21BE-385D-4F2E-B34E-C131E2E2C467}.Debug|Any CPU.ActiveCfg = Debug|Any CPU
		{93DB21BE-385D-4F2E-B34E-C131E2E2C467}.Debug|Any CPU.Build.0 = Debug|Any CPU
		{93DB21BE-385D-4F2E-B34E-C131E2E2C467}.Release|Any CPU.ActiveCfg = Release|Any CPU
		{93DB21BE-385D-4F2E-B34E-C131E2E2C467}.Release|Any CPU.Build.0 = Release|Any CPU
	EndGlobalSection
	GlobalSection(SolutionProperties) = preSolution
		HideSolutionNode = FALSE
	EndGlobalSection
	GlobalSection(NestedProjects) = preSolution
		{7A831BE5-7451-4A52-B827-6D412E20D8D8} = {156DF97D-AE8B-4F4D-AEC8-B6F6DD5BF556}
		{7108B468-AB94-472F-BFA0-4ADE1E2174C6} = {156DF97D-AE8B-4F4D-AEC8-B6F6DD5BF556}
		{74216F3E-11F3-4169-8EEE-547B5D6DB61C} = {156DF97D-AE8B-4F4D-AEC8-B6F6DD5BF556}
		{C2EEB54A-93C0-4281-981A-9058E4AA84F9} = {156DF97D-AE8B-4F4D-AEC8-B6F6DD5BF556}
		{7F49F547-546B-4CD6-A29A-65BA9F7EC82F} = {156DF97D-AE8B-4F4D-AEC8-B6F6DD5BF556}
		{96A1969A-769C-4B01-AFD2-71D0B1B1A397} = {156DF97D-AE8B-4F4D-AEC8-B6F6DD5BF556}
		{5D4C95D0-4B01-4A98-A082-C67FD7948F26} = {156DF97D-AE8B-4F4D-AEC8-B6F6DD5BF556}
		{9624BD9F-F30F-4539-BFAA-0F1E10A4AE3D} = {156DF97D-AE8B-4F4D-AEC8-B6F6DD5BF556}
		{D16329F4-3A81-4F70-AC40-E859C866F929} = {117DEB7B-C53F-4252-ADDC-0A39EE91AC18}
		{2C0E0252-436A-434F-9177-55DB79E6955C} = {117DEB7B-C53F-4252-ADDC-0A39EE91AC18}
		{148A0A0D-40D2-4979-AB84-89679BABC04B} = {117DEB7B-C53F-4252-ADDC-0A39EE91AC18}
		{B3C1520F-819B-403D-A7B8-F1B9CEA3696F} = {156DF97D-AE8B-4F4D-AEC8-B6F6DD5BF556}
		{F905D050-8992-4F37-B7A5-E33AD33D3C07} = {156DF97D-AE8B-4F4D-AEC8-B6F6DD5BF556}
		{8BAE9C71-B889-4031-A07A-12C25D8E8B1C} = {156DF97D-AE8B-4F4D-AEC8-B6F6DD5BF556}
		{7CA8B273-A74D-4C5A-93FF-FE01DAAFCD60} = {156DF97D-AE8B-4F4D-AEC8-B6F6DD5BF556}
	EndGlobalSection
	GlobalSection(ExtensibilityGlobals) = postSolution
		SolutionGuid = {326FC075-F27C-434B-A465-B50EFEEC8CAB}
	EndGlobalSection
	GlobalSection(TestCaseManagementSettings) = postSolution
		CategoryFile = vsmdi
	EndGlobalSection
EndGlobal
